github.com/anaskhan96/soup v1.0.1 h1:3p9zOr7o2weHqDakRA1uR0SZNr6VhH5qPkm6p3gvS6o=
github.com/anaskhan96/soup v1.0.1/go.mod h1:pT5vs4HXDwA5y4KQCsKvnkpQd3D+joP7IqpiGskfWW0=
github.com/bradfitz/slice v0.0.0-20160823171949-d9036e2120b5 h1:i2YH7UF+OLvc168kF3/xPUppI6ukksCg9QPtTMgqTIY=
github.com/bradfitz/slice v0.0.0-20160823171949-d9036e2120b5/go.mod h1:pccXHIvs3TV/TUqSNyEvF99sxjX2r4FFRIyw6TZY9+w=
github.com/davecgh/go-spew v1.1.0/go.mod h1:J7Y8YcW2NihsgmVo/mv3lAwl/skON4iLHjSsI+c5H38=
github.com/davecgh/go-spew v1.1.1 h1:vj9j/u1bqnvCEfJOwUhtlOARqs3+rkHYY13jYWTU97c=
github.com/davecgh/go-spew v1.1.1/go.mod h1:J7Y8YcW2NihsgmVo/mv3lAwl/skON4iLHjSsI+c5H38=
github.com/dustin/go-humanize v0.0.0-20171111073723-bb3d318650d4 h1:qk/FSDDxo05wdJH28W+p5yivv7LuLYLRXPPD8KQCtZs=
github.com/dustin/go-humanize v0.0.0-20171111073723-bb3d318650d4/go.mod h1:HtrtbFcZ19U5GC7JDqmcUSB87Iq5E25KnS6fMYU6eOk=
github.com/gizak/termui v2.2.0+incompatible h1:qvZU9Xll/Xd/Xr/YO+HfBKXhy8a8/94ao6vV9DSXzUE=
github.com/gizak/termui v2.2.0+incompatible/go.mod h1:PkJoWUt/zacQKysNfQtcw1RW+eK2SxkieVBtl+4ovLA=
github.com/kr/pretty v0.1.0 h1:L/CwN0zerZDmRFUapSPitk6f+Q3+0za1rQkzVuMiMFI=
github.com/kr/pretty v0.1.0/go.mod h1:dAy3ld7l9f0ibDNOQOHHMYYIIbhfbHSm3C4ZsoJORNo=
github.com/kr/pty v1.1.1/go.mod h1:pFQYn66WHrOpPYNljwOMqo10TkYh1fy3cYio2l3bCsQ=
github.com/kr/text v0.1.0 h1:45sCR5RtlFHMR4UwH9sdQ5TC8v0qDQCHnXt+kaKSTVE=
github.com/kr/text v0.1.0/go.mod h1:4Jbv+DJW3UT/LiOwJeYQe1efqtUx/iVham/4vfdArNI=
github.com/maruel/panicparse v1.0.2 h1:dTqB9K2WSvu6JoCQSqSJhNgnir3AA64OHX+jNp4kFNg=
github.com/maruel/panicparse v1.0.2/go.mod h1:nty42YY5QByNC5MM7q/nj938VbgPU7avs45z6NClpxI=
github.com/maruel/ut v1.0.2 h1:mQTlQk3jubTbdTcza+hwoZQWhzcvE4L6K6RTtAFlA1k=
github.com/maruel/ut v1.0.2/go.mod h1:RV8PwPD9dd2KFlnlCc/DB2JVvkXmyaalfc5xvmSrRSs=
github.com/mattn/go-runewidth v0.0.2 h1:UnlwIPBGaTZfPQ6T1IGzPI0EkYAQmT9fAEJ/poFC63o=
github.com/mattn/go-runewidth v0.0.2/go.mod h1:LwmH8dsx7+W8Uxz3IHJYH5QSwggIsqBzpuz5H//U1FU=
github.com/miguelmota/cryptocharts v0.0.0-20180329234135-082921317b83 h1:Cj6UOSodHdJBwvC/GpHY0dygF1FC5TKnBi2a71EDf8g=
github.com/miguelmota/cryptocharts v0.0.0-20180329234135-082921317b83/go.mod h1:43oJeKQfc8hboQwKEjQ0lJ5ed4qaCAfxpLcKFFmBkx0=
github.com/miguelmota/go-coinmarketcap v0.0.0-20180219231131-87b739b68b29 h1:ZoLMtRapU9yqfDipImj8kVHoI/0MxZlzQ8lRhpFb560=
github.com/miguelmota/go-coinmarketcap v0.0.0-20180219231131-87b739b68b29/go.mod h1:oQMdqF5eZ6kQJKwOaZOEL1vM5qIlMTLMFOI8ar8pvDE=
github.com/mitchellh/go-wordwrap v0.0.0-20150314170334-ad45545899c7 h1:DpOJ2HYzCv8LZP15IdmG+YdwD2luVPHITV96TkirNBM=
github.com/mitchellh/go-wordwrap v0.0.0-20150314170334-ad45545899c7/go.mod h1:ZXFpozHsX6DPmq2I0TCekCxypsnAUbP2oI0UX1GXzOo=
github.com/nsf/termbox-go v0.0.0-20180303152453-e2050e41c884 h1:fcs71SMqqDhUD+PbpIv9xf3EH9F9s6HfiLwr6jKm1VA=
github.com/nsf/termbox-go v0.0.0-20180303152453-e2050e41c884/go.mod h1:IuKpRQcYE1Tfu+oAQqaLisqDeXgjyyltCfsaoYN18NQ=
github.com/pmezard/go-difflib v1.0.0 h1:4DBwDE0NGyQoBHbLQYPwSUPoCMWR5BEzIk/f1lZbAQM=
github.com/pmezard/go-difflib v1.0.0/go.mod h1:iKH77koFhYxTK1pcRnkKkqfTogsbg7gZNVY4sRDYZ/4=
github.com/rgburke/goncurses v0.0.0-20180201210814-74f667ab258b h1:RxrmKD2CTX7ittmZE8EMjsOm1jWPH+mva+bycXTizng=
github.com/rgburke/goncurses v0.0.0-20180201210814-74f667ab258b/go.mod h1:TNBUItg4xsANHzW4eveL8ZkGlo5wGxxsGlY6bS0/bkM=
github.com/rthornton128/goncurses v0.0.0-20200419155752-a72cfe131f63 h1:n717hpAjRFW9tDX8PMCH4wXJeOmpnT7gkH3xLsY1Wh0=
github.com/rthornton128/goncurses v0.0.0-20200419155752-a72cfe131f63/go.mod h1:UJ0xTyAoIn5cLIoYfHypjSrlXPqVzJfjPSWj3nr9qmc=
github.com/stretchr/objx v0.1.0/go.mod h1:HFkY916IF+rwdDfMAkV7OtwuqBVzrE8GR6GFx+wExME=
github.com/stretchr/testify v1.6.1 h1:hDPOHmpOpP40lSULcqw7IrRb/u7w6RpDC9399XyoNd0=
github.com/stretchr/testify v1.6.1/go.mod h1:6Fq8oRcR53rry900zMqJjRRixrwX3KX962/h/Wwjteg=
github.com/willf/pad v0.0.0-20160331131008-b3d780601022 h1:W5wMm7sF44Z3K9bpq+CHOMOipvLHN1ElD6nyQbbiy/0=
github.com/willf/pad v0.0.0-20160331131008-b3d780601022/go.mod h1:+pVHwmjc9CH7ugBFxESIwQkXkVj0gUj4cFp63TLwP1Y=
go4.org v0.0.0-20180103061921-fba789b7e39b h1:de2w4jNvatAXocxWPrfgKlsM0dK2T55LPMVCiD9UoMo=
go4.org v0.0.0-20180103061921-fba789b7e39b/go.mod h1:MkTOUMDaeVYJUOUsaDXIhWPZYa1yOyC1qaOBpL57BhE=
golang.org/x/net v0.0.0-20180306060152-d25186b37f34 h1:iFnCuNSN/vI6MpVNGKchMAS+XtQqe4z/g9mSPtIKy8E=
golang.org/x/net v0.0.0-20180306060152-d25186b37f34/go.mod h1:mL1N/T3taQHkDXs73rZJwtUhF3w3ftmwwsq0BUmARs4=
gopkg.in/check.v1 v0.0.0-20161208181325-20d25e280405 h1:yhCVgyC4o1eVCa2tZl7eS0r+SDo693bJlVdllGtEeKM=
gopkg.in/check.v1 v0.0.0-20161208181325-20d25e280405/go.mod h1:Co6ibVJAznAaIkqp8huTwlJQCZ016jof/cbN4VW5Yz0=
gopkg.in/yaml.v3 v3.0.0-20200313102051-9f266ea9e77c h1:dUUwHk2QECo/6vqA44rthZ8ie2QXMNeKRTHCNY2nXvo=
gopkg.in/yaml.v3 v3.0.0-20200313102051-9f266ea9e77c/go.mod h1:K4uyk7z7BCEPqu6E+C64Yfv1cQ7kz7rIZviUmN+EgEM=
